
Microsoft Visual Studio Solution File, Format Version 12.00
# Visual Studio Version 17
VisualStudioVersion = 17.8.34330.188
MinimumVisualStudioVersion = 10.0.40219.1
Project("{8BC9CEB8-8B4A-11D0-8D11-00A0C91BC942}") = "start", "start.vcxproj", "{139ED6E1-E21E-4E00-9DB6-0E768DD12457}"
EndProject
Project("{54435603-DBB4-11D2-8724-00A0C9A8B90C}") = "Setup", "..\Setup\Setup.vdproj", "{8EA51A6F-10A2-47AD-9407-924FB27435FB}"
EndProject
Global
	GlobalSection(SolutionConfigurationPlatforms) = preSolution
		Debug|x64 = Debug|x64
		Debug|x86 = Debug|x86
		Release|x64 = Release|x64
		Release|x86 = Release|x86
	EndGlobalSection
	GlobalSection(ProjectConfigurationPlatforms) = postSolution
		{139ED6E1-E21E-4E00-9DB6-0E768DD12457}.Debug|x64.ActiveCfg = Debug|x64
		{139ED6E1-E21E-4E00-9DB6-0E768DD12457}.Debug|x64.Build.0 = Debug|x64
		{139ED6E1-E21E-4E00-9DB6-0E768DD12457}.Debug|x86.ActiveCfg = Debug|Win32
		{139ED6E1-E21E-4E00-9DB6-0E768DD12457}.Debug|x86.Build.0 = Debug|Win32
		{139ED6E1-E21E-4E00-9DB6-0E768DD12457}.Release|x64.ActiveCfg = Release|x64
		{139ED6E1-E21E-4E00-9DB6-0E768DD12457}.Release|x64.Build.0 = Release|x64
		{139ED6E1-E21E-4E00-9DB6-0E768DD12457}.Release|x86.ActiveCfg = Release|Win32
		{139ED6E1-E21E-4E00-9DB6-0E768DD12457}.Release|x86.Build.0 = Release|Win32
		{8EA51A6F-10A2-47AD-9407-924FB27435FB}.Debug|x64.ActiveCfg = Debug
		{8EA51A6F-10A2-47AD-9407-924FB27435FB}.Debug|x86.ActiveCfg = Debug
		{8EA51A6F-10A2-47AD-9407-924FB27435FB}.Release|x64.ActiveCfg = Release
		{8EA51A6F-10A2-47AD-9407-924FB27435FB}.Release|x86.ActiveCfg = Release
	EndGlobalSection
	GlobalSection(SolutionProperties) = preSolution
		HideSolutionNode = FALSE
	EndGlobalSection
	GlobalSection(ExtensibilityGlobals) = postSolution
		SolutionGuid = {41481CEA-5D42-4FF5-A26C-CCA49CDA8E71}
	EndGlobalSection
EndGlobal
